
Microsoft Visual Studio Solution File, Format Version 12.00
# Visual Studio Version 16
VisualStudioVersion = 16.0.31515.178
MinimumVisualStudioVersion = 10.0.40219.1
Project("{8BC9CEB8-8B4A-11D0-8D11-00A0C91BC942}") = "8.18作业", "8.18作业.vcxproj", "{2674EDE7-15C7-4FCD-8A9B-92B70B56F96C}"
EndProject
Global
	GlobalSection(SolutionConfigurationPlatforms) = preSolution
		Debug|x64 = Debug|x64
		Debug|x86 = Debug|x86
		Release|x64 = Release|x64
		Release|x86 = Release|x86
	EndGlobalSection
	GlobalSection(ProjectConfigurationPlatforms) = postSolution
		{2674EDE7-15C7-4FCD-8A9B-92B70B56F96C}.Debug|x64.ActiveCfg = Debug|x64
		{2674EDE7-15C7-4FCD-8A9B-92B70B56F96C}.Debug|x64.Build.0 = Debug|x64
		{2674EDE7-15C7-4FCD-8A9B-92B70B56F96C}.Debug|x86.ActiveCfg = Debug|Win32
		{2674EDE7-15C7-4FCD-8A9B-92B70B56F96C}.Debug|x86.Build.0 = Debug|Win32
		{2674EDE7-15C7-4FCD-8A9B-92B70B56F96C}.Release|x64.ActiveCfg = Release|x64
		{2674EDE7-15C7-4FCD-8A9B-92B70B56F96C}.Release|x64.Build.0 = Release|x64
		{2674EDE7-15C7-4FCD-8A9B-92B70B56F96C}.Release|x86.ActiveCfg = Release|Win32
		{2674EDE7-15C7-4FCD-8A9B-92B70B56F96C}.Release|x86.Build.0 = Release|Win32
	EndGlobalSection
	GlobalSection(SolutionProperties) = preSolution
		HideSolutionNode = FALSE
	EndGlobalSection
	GlobalSection(ExtensibilityGlobals) = postSolution
		SolutionGuid = {A9A79093-D55F-4540-9E9D-56C526BE0E1F}
	EndGlobalSection
EndGlobal
